
Microsoft Visual Studio Solution File, Format Version 12.00
# Visual Studio 14
VisualStudioVersion = 14.0.24720.0
MinimumVisualStudioVersion = 10.0.40219.1
Project("{FAE04EC0-301F-11D3-BF4B-00C04F79EFBC}") = "XamZueri.App.Droid", "XamZueri.App\XamZueri.App.Droid\XamZueri.App.Droid.csproj", "{D3A599F3-723F-4235-818D-60058732FD3D}"
EndProject
Project("{FAE04EC0-301F-11D3-BF4B-00C04F79EFBC}") = "XamZueri.App.iOS", "XamZueri.App\XamZueri.App.iOS\XamZueri.App.iOS.csproj", "{3EB1CFAE-52EE-487C-A4B1-1C761080502C}"
EndProject
Project("{FAE04EC0-301F-11D3-BF4B-00C04F79EFBC}") = "XamZueri.App", "XamZueri.App\XamZueri.App\XamZueri.App.csproj", "{08D5E32B-943A-4B53-85AB-262F15C3A78B}"
EndProject
Project("{FAE04EC0-301F-11D3-BF4B-00C04F79EFBC}") = "XamZueri.App.Tests", "XamZueri.App.Tests\XamZueri.App.Tests.csproj", "{4491F0AF-32CC-43E4-9F02-1930333BA1C3}"
EndProject
Project("{2150E333-8FDC-42A3-9474-1A3956D46DE8}") = "Source", "Source", "{8F35A4CD-A044-421A-A5A9-CD2D218F9BB3}"
EndProject
Project("{2150E333-8FDC-42A3-9474-1A3956D46DE8}") = "Tests", "Tests", "{5AE366C2-710A-47ED-ADBC-3CB94BA2155B}"
EndProject
Global
	GlobalSection(SolutionConfigurationPlatforms) = preSolution
		Ad-Hoc|Any CPU = Ad-Hoc|Any CPU
		Ad-Hoc|iPhone = Ad-Hoc|iPhone
		Ad-Hoc|iPhoneSimulator = Ad-Hoc|iPhoneSimulator
		AppStore|Any CPU = AppStore|Any CPU
		AppStore|iPhone = AppStore|iPhone
		AppStore|iPhoneSimulator = AppStore|iPhoneSimulator
		Debug|Any CPU = Debug|Any CPU
		Debug|iPhone = Debug|iPhone
		Debug|iPhoneSimulator = Debug|iPhoneSimulator
		Release|Any CPU = Release|Any CPU
		Release|iPhone = Release|iPhone
		Release|iPhoneSimulator = Release|iPhoneSimulator
	EndGlobalSection
	GlobalSection(ProjectConfigurationPlatforms) = postSolution
		{D3A599F3-723F-4235-818D-60058732FD3D}.Ad-Hoc|Any CPU.ActiveCfg = Release|Any CPU
		{D3A599F3-723F-4235-818D-60058732FD3D}.Ad-Hoc|Any CPU.Build.0 = Release|Any CPU
		{D3A599F3-723F-4235-818D-60058732FD3D}.Ad-Hoc|Any CPU.Deploy.0 = Release|Any CPU
		{D3A599F3-723F-4235-818D-60058732FD3D}.Ad-Hoc|iPhone.ActiveCfg = Release|Any CPU
		{D3A599F3-723F-4235-818D-60058732FD3D}.Ad-Hoc|iPhone.Build.0 = Release|Any CPU
		{D3A599F3-723F-4235-818D-60058732FD3D}.Ad-Hoc|iPhone.Deploy.0 = Release|Any CPU
		{D3A599F3-723F-4235-818D-60058732FD3D}.Ad-Hoc|iPhoneSimulator.ActiveCfg = Release|Any CPU
		{D3A599F3-723F-4235-818D-60058732FD3D}.Ad-Hoc|iPhoneSimulator.Build.0 = Release|Any CPU
		{D3A599F3-723F-4235-818D-60058732FD3D}.Ad-Hoc|iPhoneSimulator.Deploy.0 = Release|Any CPU
		{D3A599F3-723F-4235-818D-60058732FD3D}.AppStore|Any CPU.ActiveCfg = Release|Any CPU
		{D3A599F3-723F-4235-818D-60058732FD3D}.AppStore|Any CPU.Build.0 = Release|Any CPU
		{D3A599F3-723F-4235-818D-60058732FD3D}.AppStore|Any CPU.Deploy.0 = Release|Any CPU
		{D3A599F3-723F-4235-818D-60058732FD3D}.AppStore|iPhone.ActiveCfg = Release|Any CPU
		{D3A599F3-723F-4235-818D-60058732FD3D}.AppStore|iPhone.Build.0 = Release|Any CPU
		{D3A599F3-723F-4235-818D-60058732FD3D}.AppStore|iPhone.Deploy.0 = Release|Any CPU
		{D3A599F3-723F-4235-818D-60058732FD3D}.AppStore|iPhoneSimulator.ActiveCfg = Release|Any CPU
		{D3A599F3-723F-4235-818D-60058732FD3D}.AppStore|iPhoneSimulator.Build.0 = Release|Any CPU
		{D3A599F3-723F-4235-818D-60058732FD3D}.AppStore|iPhoneSimulator.Deploy.0 = Release|Any CPU
		{D3A599F3-723F-4235-818D-60058732FD3D}.Debug|Any CPU.ActiveCfg = Debug|Any CPU
		{D3A599F3-723F-4235-818D-60058732FD3D}.Debug|Any CPU.Build.0 = Debug|Any CPU
		{D3A599F3-723F-4235-818D-60058732FD3D}.Debug|Any CPU.Deploy.0 = Debug|Any CPU
		{D3A599F3-723F-4235-818D-60058732FD3D}.Debug|iPhone.ActiveCfg = Debug|Any CPU
		{D3A599F3-723F-4235-818D-60058732FD3D}.Debug|iPhone.Build.0 = Debug|Any CPU
		{D3A599F3-723F-4235-818D-60058732FD3D}.Debug|iPhone.Deploy.0 = Debug|Any CPU
		{D3A599F3-723F-4235-818D-60058732FD3D}.Debug|iPhoneSimulator.ActiveCfg = Debug|Any CPU
		{D3A599F3-723F-4235-818D-60058732FD3D}.Debug|iPhoneSimulator.Build.0 = Debug|Any CPU
		{D3A599F3-723F-4235-818D-60058732FD3D}.Debug|iPhoneSimulator.Deploy.0 = Debug|Any CPU
		{D3A599F3-723F-4235-818D-60058732FD3D}.Release|Any CPU.ActiveCfg = Release|Any CPU
		{D3A599F3-723F-4235-818D-60058732FD3D}.Release|Any CPU.Build.0 = Release|Any CPU
		{D3A599F3-723F-4235-818D-60058732FD3D}.Release|Any CPU.Deploy.0 = Release|Any CPU
		{D3A599F3-723F-4235-818D-60058732FD3D}.Release|iPhone.ActiveCfg = Release|Any CPU
		{D3A599F3-723F-4235-818D-60058732FD3D}.Release|iPhone.Build.0 = Release|Any CPU
		{D3A599F3-723F-4235-818D-60058732FD3D}.Release|iPhone.Deploy.0 = Release|Any CPU
		{D3A599F3-723F-4235-818D-60058732FD3D}.Release|iPhoneSimulator.ActiveCfg = Release|Any CPU
		{D3A599F3-723F-4235-818D-60058732FD3D}.Release|iPhoneSimulator.Build.0 = Release|Any CPU
		{D3A599F3-723F-4235-818D-60058732FD3D}.Release|iPhoneSimulator.Deploy.0 = Release|Any CPU
		{3EB1CFAE-52EE-487C-A4B1-1C761080502C}.Ad-Hoc|Any CPU.ActiveCfg = Ad-Hoc|iPhone
		{3EB1CFAE-52EE-487C-A4B1-1C761080502C}.Ad-Hoc|iPhone.ActiveCfg = Ad-Hoc|iPhone
		{3EB1CFAE-52EE-487C-A4B1-1C761080502C}.Ad-Hoc|iPhone.Build.0 = Ad-Hoc|iPhone
		{3EB1CFAE-52EE-487C-A4B1-1C761080502C}.Ad-Hoc|iPhoneSimulator.ActiveCfg = Ad-Hoc|iPhoneSimulator
		{3EB1CFAE-52EE-487C-A4B1-1C761080502C}.Ad-Hoc|iPhoneSimulator.Build.0 = Ad-Hoc|iPhoneSimulator
		{3EB1CFAE-52EE-487C-A4B1-1C761080502C}.AppStore|Any CPU.ActiveCfg = AppStore|iPhone
		{3EB1CFAE-52EE-487C-A4B1-1C761080502C}.AppStore|iPhone.ActiveCfg = AppStore|iPhone
		{3EB1CFAE-52EE-487C-A4B1-1C761080502C}.AppStore|iPhone.Build.0 = AppStore|iPhone
		{3EB1CFAE-52EE-487C-A4B1-1C761080502C}.AppStore|iPhoneSimulator.ActiveCfg = AppStore|iPhoneSimulator
		{3EB1CFAE-52EE-487C-A4B1-1C761080502C}.AppStore|iPhoneSimulator.Build.0 = AppStore|iPhoneSimulator
		{3EB1CFAE-52EE-487C-A4B1-1C761080502C}.Debug|Any CPU.ActiveCfg = Debug|iPhone
		{3EB1CFAE-52EE-487C-A4B1-1C761080502C}.Debug|iPhone.ActiveCfg = Debug|iPhone
		{3EB1CFAE-52EE-487C-A4B1-1C761080502C}.Debug|iPhone.Build.0 = Debug|iPhone
		{3EB1CFAE-52EE-487C-A4B1-1C761080502C}.Debug|iPhoneSimulator.ActiveCfg = Debug|iPhoneSimulator
		{3EB1CFAE-52EE-487C-A4B1-1C761080502C}.Debug|iPhoneSimulator.Build.0 = Debug|iPhoneSimulator
		{3EB1CFAE-52EE-487C-A4B1-1C761080502C}.Release|Any CPU.ActiveCfg = Release|iPhone
		{3EB1CFAE-52EE-487C-A4B1-1C761080502C}.Release|Any CPU.Build.0 = Release|iPhone
		{3EB1CFAE-52EE-487C-A4B1-1C761080502C}.Release|iPhone.ActiveCfg = Release|iPhone
		{3EB1CFAE-52EE-487C-A4B1-1C761080502C}.Release|iPhone.Build.0 = Release|iPhone
		{3EB1CFAE-52EE-487C-A4B1-1C761080502C}.Release|iPhoneSimulator.ActiveCfg = Release|iPhoneSimulator
		{3EB1CFAE-52EE-487C-A4B1-1C761080502C}.Release|iPhoneSimulator.Build.0 = Release|iPhoneSimulator
		{08D5E32B-943A-4B53-85AB-262F15C3A78B}.Ad-Hoc|Any CPU.ActiveCfg = Release|Any CPU
		{08D5E32B-943A-4B53-85AB-262F15C3A78B}.Ad-Hoc|Any CPU.Build.0 = Release|Any CPU
		{08D5E32B-943A-4B53-85AB-262F15C3A78B}.Ad-Hoc|iPhone.ActiveCfg = Release|Any CPU
		{08D5E32B-943A-4B53-85AB-262F15C3A78B}.Ad-Hoc|iPhone.Build.0 = Release|Any CPU
		{08D5E32B-943A-4B53-85AB-262F15C3A78B}.Ad-Hoc|iPhoneSimulator.ActiveCfg = Release|Any CPU
		{08D5E32B-943A-4B53-85AB-262F15C3A78B}.Ad-Hoc|iPhoneSimulator.Build.0 = Release|Any CPU
		{08D5E32B-943A-4B53-85AB-262F15C3A78B}.AppStore|Any CPU.ActiveCfg = Release|Any CPU
		{08D5E32B-943A-4B53-85AB-262F15C3A78B}.AppStore|Any CPU.Build.0 = Release|Any CPU
		{08D5E32B-943A-4B53-85AB-262F15C3A78B}.AppStore|iPhone.ActiveCfg = Release|Any CPU
		{08D5E32B-943A-4B53-85AB-262F15C3A78B}.AppStore|iPhone.Build.0 = Release|Any CPU
		{08D5E32B-943A-4B53-85AB-262F15C3A78B}.AppStore|iPhoneSimulator.ActiveCfg = Release|Any CPU
		{08D5E32B-943A-4B53-85AB-262F15C3A78B}.AppStore|iPhoneSimulator.Build.0 = Release|Any CPU
		{08D5E32B-943A-4B53-85AB-262F15C3A78B}.Debug|Any CPU.ActiveCfg = Debug|Any CPU
		{08D5E32B-943A-4B53-85AB-262F15C3A78B}.Debug|Any CPU.Build.0 = Debug|Any CPU
		{08D5E32B-943A-4B53-85AB-262F15C3A78B}.Debug|iPhone.ActiveCfg = Debug|Any CPU
		{08D5E32B-943A-4B53-85AB-262F15C3A78B}.Debug|iPhone.Build.0 = Debug|Any CPU
		{08D5E32B-943A-4B53-85AB-262F15C3A78B}.Debug|iPhoneSimulator.ActiveCfg = Debug|Any CPU
		{08D5E32B-943A-4B53-85AB-262F15C3A78B}.Debug|iPhoneSimulator.Build.0 = Debug|Any CPU
		{08D5E32B-943A-4B53-85AB-262F15C3A78B}.Release|Any CPU.ActiveCfg = Release|Any CPU
		{08D5E32B-943A-4B53-85AB-262F15C3A78B}.Release|Any CPU.Build.0 = Release|Any CPU
		{08D5E32B-943A-4B53-85AB-262F15C3A78B}.Release|iPhone.ActiveCfg = Release|Any CPU
		{08D5E32B-943A-4B53-85AB-262F15C3A78B}.Release|iPhone.Build.0 = Release|Any CPU
		{08D5E32B-943A-4B53-85AB-262F15C3A78B}.Release|iPhoneSimulator.ActiveCfg = Release|Any CPU
		{08D5E32B-943A-4B53-85AB-262F15C3A78B}.Release|iPhoneSimulator.Build.0 = Release|Any CPU
		{4491F0AF-32CC-43E4-9F02-1930333BA1C3}.Ad-Hoc|Any CPU.ActiveCfg = Release|Any CPU
		{4491F0AF-32CC-43E4-9F02-1930333BA1C3}.Ad-Hoc|Any CPU.Build.0 = Release|Any CPU
		{4491F0AF-32CC-43E4-9F02-1930333BA1C3}.Ad-Hoc|iPhone.ActiveCfg = Release|Any CPU
		{4491F0AF-32CC-43E4-9F02-1930333BA1C3}.Ad-Hoc|iPhone.Build.0 = Release|Any CPU
		{4491F0AF-32CC-43E4-9F02-1930333BA1C3}.Ad-Hoc|iPhoneSimulator.ActiveCfg = Release|Any CPU
		{4491F0AF-32CC-43E4-9F02-1930333BA1C3}.Ad-Hoc|iPhoneSimulator.Build.0 = Release|Any CPU
		{4491F0AF-32CC-43E4-9F02-1930333BA1C3}.AppStore|Any CPU.ActiveCfg = Release|Any CPU
		{4491F0AF-32CC-43E4-9F02-1930333BA1C3}.AppStore|Any CPU.Build.0 = Release|Any CPU
		{4491F0AF-32CC-43E4-9F02-1930333BA1C3}.AppStore|iPhone.ActiveCfg = Release|Any CPU
		{4491F0AF-32CC-43E4-9F02-1930333BA1C3}.AppStore|iPhone.Build.0 = Release|Any CPU
		{4491F0AF-32CC-43E4-9F02-1930333BA1C3}.AppStore|iPhoneSimulator.ActiveCfg = Release|Any CPU
		{4491F0AF-32CC-43E4-9F02-1930333BA1C3}.AppStore|iPhoneSimulator.Build.0 = Release|Any CPU
		{4491F0AF-32CC-43E4-9F02-1930333BA1C3}.Debug|Any CPU.ActiveCfg = Debug|Any CPU
		{4491F0AF-32CC-43E4-9F02-1930333BA1C3}.Debug|Any CPU.Build.0 = Debug|Any CPU
		{4491F0AF-32CC-43E4-9F02-1930333BA1C3}.Debug|iPhone.ActiveCfg = Debug|Any CPU
		{4491F0AF-32CC-43E4-9F02-1930333BA1C3}.Debug|iPhone.Build.0 = Debug|Any CPU
		{4491F0AF-32CC-43E4-9F02-1930333BA1C3}.Debug|iPhoneSimulator.ActiveCfg = Debug|Any CPU
		{4491F0AF-32CC-43E4-9F02-1930333BA1C3}.Debug|iPhoneSimulator.Build.0 = Debug|Any CPU
		{4491F0AF-32CC-43E4-9F02-1930333BA1C3}.Release|Any CPU.ActiveCfg = Release|Any CPU
		{4491F0AF-32CC-43E4-9F02-1930333BA1C3}.Release|Any CPU.Build.0 = Release|Any CPU
		{4491F0AF-32CC-43E4-9F02-1930333BA1C3}.Release|iPhone.ActiveCfg = Release|Any CPU
		{4491F0AF-32CC-43E4-9F02-1930333BA1C3}.Release|iPhone.Build.0 = Release|Any CPU
		{4491F0AF-32CC-43E4-9F02-1930333BA1C3}.Release|iPhoneSimulator.ActiveCfg = Release|Any CPU
		{4491F0AF-32CC-43E4-9F02-1930333BA1C3}.Release|iPhoneSimulator.Build.0 = Release|Any CPU
	EndGlobalSection
	GlobalSection(SolutionProperties) = preSolution
		HideSolutionNode = FALSE
	EndGlobalSection
	GlobalSection(NestedProjects) = preSolution
		{D3A599F3-723F-4235-818D-60058732FD3D} = {8F35A4CD-A044-421A-A5A9-CD2D218F9BB3}
		{3EB1CFAE-52EE-487C-A4B1-1C761080502C} = {8F35A4CD-A044-421A-A5A9-CD2D218F9BB3}
		{08D5E32B-943A-4B53-85AB-262F15C3A78B} = {8F35A4CD-A044-421A-A5A9-CD2D218F9BB3}
		{4491F0AF-32CC-43E4-9F02-1930333BA1C3} = {5AE366C2-710A-47ED-ADBC-3CB94BA2155B}
	EndGlobalSection
EndGlobal
